<?xml version="1.0" encoding="UTF-8" standalone="yes" ?>
<CodeBlocks_project_file>
	<FileVersion major="1" minor="6" />
	<Project>
		<Option title="PENGUIN_GALORE" />
		<Option pch_mode="2" />
		<Option compiler="gcc" />
		<Build>
			<Target title="Debug">
				<Option output="bin/Debug/PENGUIN_GALORE" prefix_auto="1" extension_auto="1" />
				<Option object_output="obj/Debug/" />
				<Option type="1" />
				<Option compiler="gcc" />
				<Compiler>
					<Add option="-g" />
				</Compiler>
			</Target>
			<Target title="Release">
				<Option output="bin/Release/PENGUIN_GALORE" prefix_auto="1" extension_auto="1" />
				<Option object_output="obj/Release/" />
				<Option type="1" />
				<Option compiler="gcc" />
				<Compiler>
					<Add option="-O2" />
				</Compiler>
				<Linker>
					<Add option="-s" />
				</Linker>
			</Target>
		</Build>
		<Compiler>
			<Add option="-Wall" />
		</Compiler>
		<Unit filename="Algorithms/Bator.c">
			<Option compilerVar="CC" />
		</Unit>
		<Unit filename="Algorithms/Center.c">
			<Option compilerVar="CC" />
		</Unit>
		<Unit filename="Algorithms/Dummy.c">
			<Option compilerVar="CC" />
		</Unit>
		<Unit filename="Algorithms/JulianTian.c">
			<Option compilerVar="CC" />
		</Unit>
		<Unit filename="Algorithms/ManualOverride.c">
			<Option compilerVar="CC" />
		</Unit>
		<Unit filename="Algorithms/TeemuVirkkala.c">
			<Option compilerVar="CC" />
		</Unit>
		<Unit filename="Algorithms/user.h" />
		<Unit filename="AsciiPrinting.c">
			<Option compilerVar="CC" />
		</Unit>
		<Unit filename="CheckPeng.c">
			<Option compilerVar="CC" />
		</Unit>
		<Unit filename="Cleaner.c">
			<Option compilerVar="CC" />
		</Unit>
		<Unit filename="DrawBoard.c">
			<Option compilerVar="CC" />
		</Unit>
		<Unit filename="IntroOutro.c">
			<Option compilerVar="CC" />
		</Unit>
		<Unit filename="MapGenerator.c">
			<Option compilerVar="CC" />
		</Unit>
		<Unit filename="MovePeng.c">
			<Option compilerVar="CC" />
		</Unit>
		<Unit filename="PlayGame.c">
			<Option compilerVar="CC" />
		</Unit>
		<Unit filename="PosPeng.c">
			<Option compilerVar="CC" />
		</Unit>
		<Unit filename="SaveLoad.c">
			<Option compilerVar="CC" />
		</Unit>
		<Unit filename="Score.c">
			<Option compilerVar="CC" />
		</Unit>
		<Unit filename="main.h" />
		<Unit filename="menu.c">
			<Option compilerVar="CC" />
		</Unit>
		<Unit filename="penguins.wav">
			<Option compile="1" />
		</Unit>
		<Extensions>
			<code_completion />
			<envvars />
			<debugger />
			<lib_finder disable_auto="1" />
		</Extensions>
	</Project>
</CodeBlocks_project_file>
